
Microsoft Visual Studio Solution File, Format Version 12.00
# Visual Studio Version 16
VisualStudioVersion = 16.0.30114.105
MinimumVisualStudioVersion = 10.0.40219.1
Project("{2150E333-8FDC-42A3-9474-1A3956D46DE8}") = "src", "src", "{06ECC4A2-D3D6-4DB6-9715-D82FAFA67BEA}"
EndProject
Project("{F2A71F9B-5D33-465A-A702-920D77279786}") = "Gerlinde.Esp.Backend", "src\backend\Gerlinde.Esp.Backend.fsproj", "{E85AE3E5-DB10-4BC5-BAF5-341FAFE4F53F}"
EndProject
Global
	GlobalSection(SolutionConfigurationPlatforms) = preSolution
		Debug|Any CPU = Debug|Any CPU
		Release|Any CPU = Release|Any CPU
	EndGlobalSection
	GlobalSection(SolutionProperties) = preSolution
		HideSolutionNode = FALSE
	EndGlobalSection
	GlobalSection(ProjectConfigurationPlatforms) = postSolution
		{E85AE3E5-DB10-4BC5-BAF5-341FAFE4F53F}.Debug|Any CPU.ActiveCfg = Debug|Any CPU
		{E85AE3E5-DB10-4BC5-BAF5-341FAFE4F53F}.Debug|Any CPU.Build.0 = Debug|Any CPU
		{E85AE3E5-DB10-4BC5-BAF5-341FAFE4F53F}.Release|Any CPU.ActiveCfg = Release|Any CPU
		{E85AE3E5-DB10-4BC5-BAF5-341FAFE4F53F}.Release|Any CPU.Build.0 = Release|Any CPU
	EndGlobalSection
	GlobalSection(NestedProjects) = preSolution
		{E85AE3E5-DB10-4BC5-BAF5-341FAFE4F53F} = {06ECC4A2-D3D6-4DB6-9715-D82FAFA67BEA}
	EndGlobalSection
EndGlobal
